
Microsoft Visual Studio Solution File, Format Version 12.00
# Visual Studio Version 16
VisualStudioVersion = 16.0.30804.86
MinimumVisualStudioVersion = 10.0.40219.1
Project("{FAE04EC0-301F-11D3-BF4B-00C04F79EFBC}") = "TsOpsProj", "TsOpsProj\TsOpsProj.csproj", "{F7FA9D6A-6955-4A36-AC9D-1296A45377F4}"
EndProject
Global
	GlobalSection(SolutionConfigurationPlatforms) = preSolution
		Debug|Any CPU = Debug|Any CPU
		Release|Any CPU = Release|Any CPU
	EndGlobalSection
	GlobalSection(ProjectConfigurationPlatforms) = postSolution
		{F7FA9D6A-6955-4A36-AC9D-1296A45377F4}.Debug|Any CPU.ActiveCfg = Debug|Any CPU
		{F7FA9D6A-6955-4A36-AC9D-1296A45377F4}.Debug|Any CPU.Build.0 = Debug|Any CPU
		{F7FA9D6A-6955-4A36-AC9D-1296A45377F4}.Release|Any CPU.ActiveCfg = Release|Any CPU
		{F7FA9D6A-6955-4A36-AC9D-1296A45377F4}.Release|Any CPU.Build.0 = Release|Any CPU
	EndGlobalSection
	GlobalSection(SolutionProperties) = preSolution
		HideSolutionNode = FALSE
	EndGlobalSection
	GlobalSection(ExtensibilityGlobals) = postSolution
		SolutionGuid = {A7C22454-A12F-4D62-B106-2934A30D84E8}
	EndGlobalSection
EndGlobal
